
Microsoft Visual Studio Solution File, Format Version 12.00
# Visual Studio Version 17
VisualStudioVersion = 17.9.34622.214
MinimumVisualStudioVersion = 10.0.40219.1
Project("{9A19103F-16F7-4668-BE54-9A1E7A4F7556}") = "B3Project.Server", "B3Project.Server\B3Project.Server.csproj", "{31C876C6-0388-41A9-B69A-E28467BA9B30}"
EndProject
Project("{54A90642-561A-4BB1-A94E-469ADEE60C69}") = "b3project.client", "b3project.client\b3project.client.esproj", "{B43ADF4F-76BD-4706-9CFB-FEDF5279902F}"
EndProject
Project("{2150E333-8FDC-42A3-9474-1A3956D46DE8}") = "Front", "Front", "{06E5D973-8183-4BB4-961F-A6E208F1D8AE}"
EndProject
Project("{2150E333-8FDC-42A3-9474-1A3956D46DE8}") = "Back", "Back", "{B1E7D069-301A-4411-A8DC-A1737856CD04}"
EndProject
Project("{2150E333-8FDC-42A3-9474-1A3956D46DE8}") = "Api", "Api", "{A762D16C-DA0D-4336-BD36-DA5610AA3380}"
EndProject
Project("{2150E333-8FDC-42A3-9474-1A3956D46DE8}") = "Application", "Application", "{91B86C2B-6449-4411-B7B3-039E5F468EC1}"
EndProject
Project("{2150E333-8FDC-42A3-9474-1A3956D46DE8}") = "Infra", "Infra", "{BB6C1D3A-82E2-46CB-A09C-8B4082725179}"
EndProject
Project("{9A19103F-16F7-4668-BE54-9A1E7A4F7556}") = "B3Project.Applications", "B3Project.Applications\B3Project.Applications.csproj", "{D9D93484-339E-4151-A6C8-FE3A1EBD2C37}"
EndProject
Project("{9A19103F-16F7-4668-BE54-9A1E7A4F7556}") = "B3Project.CrossCuting", "CrossCuting\B3Project.CrossCuting.csproj", "{60CBF3FC-56EA-4C31-BF16-436737EC9B32}"
EndProject
Project("{2150E333-8FDC-42A3-9474-1A3956D46DE8}") = "Domain", "Domain", "{4DDFFB89-F709-402F-9E5C-3A66E0B8F427}"
EndProject
Project("{9A19103F-16F7-4668-BE54-9A1E7A4F7556}") = "B3Project.Domain", "B3Project.Domain\B3Project.Domain.csproj", "{2483053B-3325-429D-80F2-477019A55B81}"
EndProject
Project("{2150E333-8FDC-42A3-9474-1A3956D46DE8}") = "Tests", "Tests", "{6DEB62A2-8695-4368-80C9-AB43D5F83B6D}"
EndProject
Project("{9A19103F-16F7-4668-BE54-9A1E7A4F7556}") = "B3Project.ApplicationsTest", "Tests\B3Project.ApplicationsTest\B3Project.ApplicationsTest.csproj", "{4297D1FF-584B-408E-AF79-AE0B36750F59}"
EndProject
Project("{2150E333-8FDC-42A3-9474-1A3956D46DE8}") = "Solution Items", "Solution Items", "{7E3AA029-A4C4-450A-A516-60A7EF632DF3}"
	ProjectSection(SolutionItems) = preProject
		.editorconfig = .editorconfig
	EndProjectSection
EndProject
Global
	GlobalSection(SolutionConfigurationPlatforms) = preSolution
		Debug|Any CPU = Debug|Any CPU
		Release|Any CPU = Release|Any CPU
	EndGlobalSection
	GlobalSection(ProjectConfigurationPlatforms) = postSolution
		{31C876C6-0388-41A9-B69A-E28467BA9B30}.Debug|Any CPU.ActiveCfg = Debug|Any CPU
		{31C876C6-0388-41A9-B69A-E28467BA9B30}.Debug|Any CPU.Build.0 = Debug|Any CPU
		{31C876C6-0388-41A9-B69A-E28467BA9B30}.Release|Any CPU.ActiveCfg = Release|Any CPU
		{31C876C6-0388-41A9-B69A-E28467BA9B30}.Release|Any CPU.Build.0 = Release|Any CPU
		{B43ADF4F-76BD-4706-9CFB-FEDF5279902F}.Debug|Any CPU.ActiveCfg = Debug|Any CPU
		{B43ADF4F-76BD-4706-9CFB-FEDF5279902F}.Debug|Any CPU.Build.0 = Debug|Any CPU
		{B43ADF4F-76BD-4706-9CFB-FEDF5279902F}.Debug|Any CPU.Deploy.0 = Debug|Any CPU
		{B43ADF4F-76BD-4706-9CFB-FEDF5279902F}.Release|Any CPU.ActiveCfg = Release|Any CPU
		{B43ADF4F-76BD-4706-9CFB-FEDF5279902F}.Release|Any CPU.Build.0 = Release|Any CPU
		{B43ADF4F-76BD-4706-9CFB-FEDF5279902F}.Release|Any CPU.Deploy.0 = Release|Any CPU
		{D9D93484-339E-4151-A6C8-FE3A1EBD2C37}.Debug|Any CPU.ActiveCfg = Debug|Any CPU
		{D9D93484-339E-4151-A6C8-FE3A1EBD2C37}.Debug|Any CPU.Build.0 = Debug|Any CPU
		{D9D93484-339E-4151-A6C8-FE3A1EBD2C37}.Release|Any CPU.ActiveCfg = Release|Any CPU
		{D9D93484-339E-4151-A6C8-FE3A1EBD2C37}.Release|Any CPU.Build.0 = Release|Any CPU
		{60CBF3FC-56EA-4C31-BF16-436737EC9B32}.Debug|Any CPU.ActiveCfg = Debug|Any CPU
		{60CBF3FC-56EA-4C31-BF16-436737EC9B32}.Debug|Any CPU.Build.0 = Debug|Any CPU
		{60CBF3FC-56EA-4C31-BF16-436737EC9B32}.Release|Any CPU.ActiveCfg = Release|Any CPU
		{60CBF3FC-56EA-4C31-BF16-436737EC9B32}.Release|Any CPU.Build.0 = Release|Any CPU
		{2483053B-3325-429D-80F2-477019A55B81}.Debug|Any CPU.ActiveCfg = Debug|Any CPU
		{2483053B-3325-429D-80F2-477019A55B81}.Debug|Any CPU.Build.0 = Debug|Any CPU
		{2483053B-3325-429D-80F2-477019A55B81}.Release|Any CPU.ActiveCfg = Release|Any CPU
		{2483053B-3325-429D-80F2-477019A55B81}.Release|Any CPU.Build.0 = Release|Any CPU
		{4297D1FF-584B-408E-AF79-AE0B36750F59}.Debug|Any CPU.ActiveCfg = Debug|Any CPU
		{4297D1FF-584B-408E-AF79-AE0B36750F59}.Debug|Any CPU.Build.0 = Debug|Any CPU
		{4297D1FF-584B-408E-AF79-AE0B36750F59}.Release|Any CPU.ActiveCfg = Release|Any CPU
		{4297D1FF-584B-408E-AF79-AE0B36750F59}.Release|Any CPU.Build.0 = Release|Any CPU
	EndGlobalSection
	GlobalSection(SolutionProperties) = preSolution
		HideSolutionNode = FALSE
	EndGlobalSection
	GlobalSection(NestedProjects) = preSolution
		{31C876C6-0388-41A9-B69A-E28467BA9B30} = {A762D16C-DA0D-4336-BD36-DA5610AA3380}
		{B43ADF4F-76BD-4706-9CFB-FEDF5279902F} = {06E5D973-8183-4BB4-961F-A6E208F1D8AE}
		{A762D16C-DA0D-4336-BD36-DA5610AA3380} = {B1E7D069-301A-4411-A8DC-A1737856CD04}
		{91B86C2B-6449-4411-B7B3-039E5F468EC1} = {B1E7D069-301A-4411-A8DC-A1737856CD04}
		{BB6C1D3A-82E2-46CB-A09C-8B4082725179} = {B1E7D069-301A-4411-A8DC-A1737856CD04}
		{D9D93484-339E-4151-A6C8-FE3A1EBD2C37} = {91B86C2B-6449-4411-B7B3-039E5F468EC1}
		{60CBF3FC-56EA-4C31-BF16-436737EC9B32} = {BB6C1D3A-82E2-46CB-A09C-8B4082725179}
		{4DDFFB89-F709-402F-9E5C-3A66E0B8F427} = {B1E7D069-301A-4411-A8DC-A1737856CD04}
		{2483053B-3325-429D-80F2-477019A55B81} = {4DDFFB89-F709-402F-9E5C-3A66E0B8F427}
		{6DEB62A2-8695-4368-80C9-AB43D5F83B6D} = {B1E7D069-301A-4411-A8DC-A1737856CD04}
		{4297D1FF-584B-408E-AF79-AE0B36750F59} = {6DEB62A2-8695-4368-80C9-AB43D5F83B6D}
	EndGlobalSection
	GlobalSection(ExtensibilityGlobals) = postSolution
		SolutionGuid = {38DD48EC-EC01-49EB-BCDD-38A0BBB24AED}
	EndGlobalSection
EndGlobal
